
Microsoft Visual Studio Solution File, Format Version 12.00
# Visual Studio Version 17
VisualStudioVersion = 17.5.2.0
MinimumVisualStudioVersion = 10.0.40219.1
Project("{FAE04EC0-301F-11D3-BF4B-00C04F79EFBC}") = "latihan1", "latihan1\latihan1.csproj", "{3A8ED930-31D5-FE70-022B-74F2D269ADCF}"
EndProject
Project("{FAE04EC0-301F-11D3-BF4B-00C04F79EFBC}") = "latihan2", "latihan2\latihan2.csproj", "{2A3C2D16-4DAD-4238-8D13-3A70585182F1}"
EndProject
Global
	GlobalSection(SolutionConfigurationPlatforms) = preSolution
		Debug|Any CPU = Debug|Any CPU
		Debug|x64 = Debug|x64
		Debug|x86 = Debug|x86
		Release|Any CPU = Release|Any CPU
		Release|x64 = Release|x64
		Release|x86 = Release|x86
	EndGlobalSection
	GlobalSection(ProjectConfigurationPlatforms) = postSolution
		{3A8ED930-31D5-FE70-022B-74F2D269ADCF}.Debug|Any CPU.ActiveCfg = Debug|Any CPU
		{3A8ED930-31D5-FE70-022B-74F2D269ADCF}.Debug|Any CPU.Build.0 = Debug|Any CPU
		{3A8ED930-31D5-FE70-022B-74F2D269ADCF}.Debug|x64.ActiveCfg = Debug|Any CPU
		{3A8ED930-31D5-FE70-022B-74F2D269ADCF}.Debug|x64.Build.0 = Debug|Any CPU
		{3A8ED930-31D5-FE70-022B-74F2D269ADCF}.Debug|x86.ActiveCfg = Debug|Any CPU
		{3A8ED930-31D5-FE70-022B-74F2D269ADCF}.Debug|x86.Build.0 = Debug|Any CPU
		{3A8ED930-31D5-FE70-022B-74F2D269ADCF}.Release|Any CPU.ActiveCfg = Release|Any CPU
		{3A8ED930-31D5-FE70-022B-74F2D269ADCF}.Release|Any CPU.Build.0 = Release|Any CPU
		{3A8ED930-31D5-FE70-022B-74F2D269ADCF}.Release|x64.ActiveCfg = Release|Any CPU
		{3A8ED930-31D5-FE70-022B-74F2D269ADCF}.Release|x64.Build.0 = Release|Any CPU
		{3A8ED930-31D5-FE70-022B-74F2D269ADCF}.Release|x86.ActiveCfg = Release|Any CPU
		{3A8ED930-31D5-FE70-022B-74F2D269ADCF}.Release|x86.Build.0 = Release|Any CPU
		{2A3C2D16-4DAD-4238-8D13-3A70585182F1}.Debug|Any CPU.ActiveCfg = Debug|Any CPU
		{2A3C2D16-4DAD-4238-8D13-3A70585182F1}.Debug|Any CPU.Build.0 = Debug|Any CPU
		{2A3C2D16-4DAD-4238-8D13-3A70585182F1}.Debug|x64.ActiveCfg = Debug|Any CPU
		{2A3C2D16-4DAD-4238-8D13-3A70585182F1}.Debug|x64.Build.0 = Debug|Any CPU
		{2A3C2D16-4DAD-4238-8D13-3A70585182F1}.Debug|x86.ActiveCfg = Debug|Any CPU
		{2A3C2D16-4DAD-4238-8D13-3A70585182F1}.Debug|x86.Build.0 = Debug|Any CPU
		{2A3C2D16-4DAD-4238-8D13-3A70585182F1}.Release|Any CPU.ActiveCfg = Release|Any CPU
		{2A3C2D16-4DAD-4238-8D13-3A70585182F1}.Release|Any CPU.Build.0 = Release|Any CPU
		{2A3C2D16-4DAD-4238-8D13-3A70585182F1}.Release|x64.ActiveCfg = Release|Any CPU
		{2A3C2D16-4DAD-4238-8D13-3A70585182F1}.Release|x64.Build.0 = Release|Any CPU
		{2A3C2D16-4DAD-4238-8D13-3A70585182F1}.Release|x86.ActiveCfg = Release|Any CPU
		{2A3C2D16-4DAD-4238-8D13-3A70585182F1}.Release|x86.Build.0 = Release|Any CPU
	EndGlobalSection
	GlobalSection(SolutionProperties) = preSolution
		HideSolutionNode = FALSE
	EndGlobalSection
	GlobalSection(ExtensibilityGlobals) = postSolution
		SolutionGuid = {893CE043-70BC-4885-AA50-9E9D384E10DA}
	EndGlobalSection
EndGlobal
